
Microsoft Visual Studio Solution File, Format Version 12.00
# Visual Studio Version 17
VisualStudioVersion = 17.10.34928.147
MinimumVisualStudioVersion = 10.0.40219.1
Project("{FAE04EC0-301F-11D3-BF4B-00C04F79EFBC}") = "MyFrikimindo", "MyFrikimindo\MyFrikimindo.csproj", "{669BCF08-4EBF-4E7F-9917-5F5AA8A7CC64}"
EndProject
Global
	GlobalSection(SolutionConfigurationPlatforms) = preSolution
		Debug|Any CPU = Debug|Any CPU
		Release|Any CPU = Release|Any CPU
	EndGlobalSection
	GlobalSection(ProjectConfigurationPlatforms) = postSolution
		{669BCF08-4EBF-4E7F-9917-5F5AA8A7CC64}.Debug|Any CPU.ActiveCfg = Debug|Any CPU
		{669BCF08-4EBF-4E7F-9917-5F5AA8A7CC64}.Debug|Any CPU.Build.0 = Debug|Any CPU
		{669BCF08-4EBF-4E7F-9917-5F5AA8A7CC64}.Release|Any CPU.ActiveCfg = Release|Any CPU
		{669BCF08-4EBF-4E7F-9917-5F5AA8A7CC64}.Release|Any CPU.Build.0 = Release|Any CPU
	EndGlobalSection
	GlobalSection(SolutionProperties) = preSolution
		HideSolutionNode = FALSE
	EndGlobalSection
	GlobalSection(ExtensibilityGlobals) = postSolution
		SolutionGuid = {7BDC0CF8-BE33-4683-9644-67B9D0703596}
	EndGlobalSection
EndGlobal
